
Microsoft Visual Studio Solution File, Format Version 12.00
# Visual Studio Version 17
VisualStudioVersion = 17.5.33424.131
MinimumVisualStudioVersion = 10.0.40219.1
Project("{FAE04EC0-301F-11D3-BF4B-00C04F79EFBC}") = "SimpleWPFTemplate", "SimpleWPFTemplate\SimpleWPFTemplate.csproj", "{83E07059-6158-4F89-AD89-0237A584F765}"
EndProject
Global
	GlobalSection(SolutionConfigurationPlatforms) = preSolution
		Debug|Any CPU = Debug|Any CPU
		Release|Any CPU = Release|Any CPU
	EndGlobalSection
	GlobalSection(ProjectConfigurationPlatforms) = postSolution
		{83E07059-6158-4F89-AD89-0237A584F765}.Debug|Any CPU.ActiveCfg = Debug|Any CPU
		{83E07059-6158-4F89-AD89-0237A584F765}.Debug|Any CPU.Build.0 = Debug|Any CPU
		{83E07059-6158-4F89-AD89-0237A584F765}.Release|Any CPU.ActiveCfg = Release|Any CPU
		{83E07059-6158-4F89-AD89-0237A584F765}.Release|Any CPU.Build.0 = Release|Any CPU
	EndGlobalSection
	GlobalSection(SolutionProperties) = preSolution
		HideSolutionNode = FALSE
	EndGlobalSection
	GlobalSection(ExtensibilityGlobals) = postSolution
		SolutionGuid = {8E191A8D-C428-48FC-B5E8-AB62007140C9}
	EndGlobalSection
EndGlobal
